
Microsoft Visual Studio Solution File, Format Version 12.00
# Visual Studio Version 17
VisualStudioVersion = 17.7.34031.279
MinimumVisualStudioVersion = 10.0.40219.1
Project("{8BC9CEB8-8B4A-11D0-8D11-00A0C91BC942}") = "Lab1_Arrays", "Lab1\Lab1.vcxproj", "{E9CDE0D5-106E-4B82-B02F-81155B16F24C}"
EndProject
Project("{8BC9CEB8-8B4A-11D0-8D11-00A0C91BC942}") = "Lab1_LinkedList", "Lab1_LinkedList\Lab1_LinkedList.vcxproj", "{5A59FC5F-9466-472A-9B03-751829DE4863}"
EndProject
Project("{8BC9CEB8-8B4A-11D0-8D11-00A0C91BC942}") = "Lab2_task1", "Lab2\Lab2.vcxproj", "{39955885-9DA8-4750-8D06-6D02F7AD3773}"
EndProject
Project("{8BC9CEB8-8B4A-11D0-8D11-00A0C91BC942}") = "Lab2_task2", "Lab2_task2\Lab2_task2.vcxproj", "{5AB4EB52-7E1C-480A-BEFC-CB23C50DD62C}"
EndProject
Project("{8BC9CEB8-8B4A-11D0-8D11-00A0C91BC942}") = "Lab2_task4", "Lab2_task4\Lab2_task4.vcxproj", "{321800B4-6FF8-4FA3-A2BC-A84A5E9222DB}"
EndProject
Project("{8BC9CEB8-8B4A-11D0-8D11-00A0C91BC942}") = "ConsoleApplication1", "ConsoleApplication1\ConsoleApplication1.vcxproj", "{CFBE4E6C-D8A1-42C0-8985-1EFBB6FD018B}"
EndProject
Project("{8BC9CEB8-8B4A-11D0-8D11-00A0C91BC942}") = "Lab222", "Lab222\Lab222.vcxproj", "{FACE805E-1033-4199-972B-7BB11EA5145E}"
EndProject
Project("{8BC9CEB8-8B4A-11D0-8D11-00A0C91BC942}") = "Lab2_task5", "Lab2_task5\Lab2_task5.vcxproj", "{9E0C4B4B-FC83-4C83-808E-74FD7247D281}"
EndProject
Project("{8BC9CEB8-8B4A-11D0-8D11-00A0C91BC942}") = "Lab3_Task1", "Lab3_Task1\Lab3_Task1.vcxproj", "{A4223930-75E0-47E1-8009-D35C92EAF101}"
EndProject
Project("{8BC9CEB8-8B4A-11D0-8D11-00A0C91BC942}") = "Lab3_task3", "Lab3_task3\Lab3_task3.vcxproj", "{3B702A9A-AF09-4FF8-BFC4-AE50518C4087}"
EndProject
Project("{8BC9CEB8-8B4A-11D0-8D11-00A0C91BC942}") = "Lab4", "Lab4\Lab4.vcxproj", "{233A8E5B-73B2-457F-8AFE-E9E36F9E6AF5}"
EndProject
Global
	GlobalSection(SolutionConfigurationPlatforms) = preSolution
		Debug|x64 = Debug|x64
		Debug|x86 = Debug|x86
		Release|x64 = Release|x64
		Release|x86 = Release|x86
	EndGlobalSection
	GlobalSection(ProjectConfigurationPlatforms) = postSolution
		{E9CDE0D5-106E-4B82-B02F-81155B16F24C}.Debug|x64.ActiveCfg = Debug|x64
		{E9CDE0D5-106E-4B82-B02F-81155B16F24C}.Debug|x64.Build.0 = Debug|x64
		{E9CDE0D5-106E-4B82-B02F-81155B16F24C}.Debug|x86.ActiveCfg = Debug|Win32
		{E9CDE0D5-106E-4B82-B02F-81155B16F24C}.Debug|x86.Build.0 = Debug|Win32
		{E9CDE0D5-106E-4B82-B02F-81155B16F24C}.Release|x64.ActiveCfg = Release|x64
		{E9CDE0D5-106E-4B82-B02F-81155B16F24C}.Release|x64.Build.0 = Release|x64
		{E9CDE0D5-106E-4B82-B02F-81155B16F24C}.Release|x86.ActiveCfg = Release|Win32
		{E9CDE0D5-106E-4B82-B02F-81155B16F24C}.Release|x86.Build.0 = Release|Win32
		{5A59FC5F-9466-472A-9B03-751829DE4863}.Debug|x64.ActiveCfg = Debug|x64
		{5A59FC5F-9466-472A-9B03-751829DE4863}.Debug|x64.Build.0 = Debug|x64
		{5A59FC5F-9466-472A-9B03-751829DE4863}.Debug|x86.ActiveCfg = Debug|Win32
		{5A59FC5F-9466-472A-9B03-751829DE4863}.Debug|x86.Build.0 = Debug|Win32
		{5A59FC5F-9466-472A-9B03-751829DE4863}.Release|x64.ActiveCfg = Release|x64
		{5A59FC5F-9466-472A-9B03-751829DE4863}.Release|x64.Build.0 = Release|x64
		{5A59FC5F-9466-472A-9B03-751829DE4863}.Release|x86.ActiveCfg = Release|Win32
		{5A59FC5F-9466-472A-9B03-751829DE4863}.Release|x86.Build.0 = Release|Win32
		{39955885-9DA8-4750-8D06-6D02F7AD3773}.Debug|x64.ActiveCfg = Debug|x64
		{39955885-9DA8-4750-8D06-6D02F7AD3773}.Debug|x64.Build.0 = Debug|x64
		{39955885-9DA8-4750-8D06-6D02F7AD3773}.Debug|x86.ActiveCfg = Debug|Win32
		{39955885-9DA8-4750-8D06-6D02F7AD3773}.Debug|x86.Build.0 = Debug|Win32
		{39955885-9DA8-4750-8D06-6D02F7AD3773}.Release|x64.ActiveCfg = Release|x64
		{39955885-9DA8-4750-8D06-6D02F7AD3773}.Release|x64.Build.0 = Release|x64
		{39955885-9DA8-4750-8D06-6D02F7AD3773}.Release|x86.ActiveCfg = Release|Win32
		{39955885-9DA8-4750-8D06-6D02F7AD3773}.Release|x86.Build.0 = Release|Win32
		{5AB4EB52-7E1C-480A-BEFC-CB23C50DD62C}.Debug|x64.ActiveCfg = Debug|x64
		{5AB4EB52-7E1C-480A-BEFC-CB23C50DD62C}.Debug|x64.Build.0 = Debug|x64
		{5AB4EB52-7E1C-480A-BEFC-CB23C50DD62C}.Debug|x86.ActiveCfg = Debug|Win32
		{5AB4EB52-7E1C-480A-BEFC-CB23C50DD62C}.Debug|x86.Build.0 = Debug|Win32
		{5AB4EB52-7E1C-480A-BEFC-CB23C50DD62C}.Release|x64.ActiveCfg = Release|x64
		{5AB4EB52-7E1C-480A-BEFC-CB23C50DD62C}.Release|x64.Build.0 = Release|x64
		{5AB4EB52-7E1C-480A-BEFC-CB23C50DD62C}.Release|x86.ActiveCfg = Release|Win32
		{5AB4EB52-7E1C-480A-BEFC-CB23C50DD62C}.Release|x86.Build.0 = Release|Win32
		{321800B4-6FF8-4FA3-A2BC-A84A5E9222DB}.Debug|x64.ActiveCfg = Debug|x64
		{321800B4-6FF8-4FA3-A2BC-A84A5E9222DB}.Debug|x64.Build.0 = Debug|x64
		{321800B4-6FF8-4FA3-A2BC-A84A5E9222DB}.Debug|x86.ActiveCfg = Debug|Win32
		{321800B4-6FF8-4FA3-A2BC-A84A5E9222DB}.Debug|x86.Build.0 = Debug|Win32
		{321800B4-6FF8-4FA3-A2BC-A84A5E9222DB}.Release|x64.ActiveCfg = Release|x64
		{321800B4-6FF8-4FA3-A2BC-A84A5E9222DB}.Release|x64.Build.0 = Release|x64
		{321800B4-6FF8-4FA3-A2BC-A84A5E9222DB}.Release|x86.ActiveCfg = Release|Win32
		{321800B4-6FF8-4FA3-A2BC-A84A5E9222DB}.Release|x86.Build.0 = Release|Win32
		{CFBE4E6C-D8A1-42C0-8985-1EFBB6FD018B}.Debug|x64.ActiveCfg = Debug|x64
		{CFBE4E6C-D8A1-42C0-8985-1EFBB6FD018B}.Debug|x64.Build.0 = Debug|x64
		{CFBE4E6C-D8A1-42C0-8985-1EFBB6FD018B}.Debug|x86.ActiveCfg = Debug|Win32
		{CFBE4E6C-D8A1-42C0-8985-1EFBB6FD018B}.Debug|x86.Build.0 = Debug|Win32
		{CFBE4E6C-D8A1-42C0-8985-1EFBB6FD018B}.Release|x64.ActiveCfg = Release|x64
		{CFBE4E6C-D8A1-42C0-8985-1EFBB6FD018B}.Release|x64.Build.0 = Release|x64
		{CFBE4E6C-D8A1-42C0-8985-1EFBB6FD018B}.Release|x86.ActiveCfg = Release|Win32
		{CFBE4E6C-D8A1-42C0-8985-1EFBB6FD018B}.Release|x86.Build.0 = Release|Win32
		{FACE805E-1033-4199-972B-7BB11EA5145E}.Debug|x64.ActiveCfg = Debug|x64
		{FACE805E-1033-4199-972B-7BB11EA5145E}.Debug|x64.Build.0 = Debug|x64
		{FACE805E-1033-4199-972B-7BB11EA5145E}.Debug|x86.ActiveCfg = Debug|Win32
		{FACE805E-1033-4199-972B-7BB11EA5145E}.Debug|x86.Build.0 = Debug|Win32
		{FACE805E-1033-4199-972B-7BB11EA5145E}.Release|x64.ActiveCfg = Release|x64
		{FACE805E-1033-4199-972B-7BB11EA5145E}.Release|x64.Build.0 = Release|x64
		{FACE805E-1033-4199-972B-7BB11EA5145E}.Release|x86.ActiveCfg = Release|Win32
		{FACE805E-1033-4199-972B-7BB11EA5145E}.Release|x86.Build.0 = Release|Win32
		{9E0C4B4B-FC83-4C83-808E-74FD7247D281}.Debug|x64.ActiveCfg = Debug|x64
		{9E0C4B4B-FC83-4C83-808E-74FD7247D281}.Debug|x64.Build.0 = Debug|x64
		{9E0C4B4B-FC83-4C83-808E-74FD7247D281}.Debug|x86.ActiveCfg = Debug|Win32
		{9E0C4B4B-FC83-4C83-808E-74FD7247D281}.Debug|x86.Build.0 = Debug|Win32
		{9E0C4B4B-FC83-4C83-808E-74FD7247D281}.Release|x64.ActiveCfg = Release|x64
		{9E0C4B4B-FC83-4C83-808E-74FD7247D281}.Release|x64.Build.0 = Release|x64
		{9E0C4B4B-FC83-4C83-808E-74FD7247D281}.Release|x86.ActiveCfg = Release|Win32
		{9E0C4B4B-FC83-4C83-808E-74FD7247D281}.Release|x86.Build.0 = Release|Win32
		{A4223930-75E0-47E1-8009-D35C92EAF101}.Debug|x64.ActiveCfg = Debug|x64
		{A4223930-75E0-47E1-8009-D35C92EAF101}.Debug|x64.Build.0 = Debug|x64
		{A4223930-75E0-47E1-8009-D35C92EAF101}.Debug|x86.ActiveCfg = Debug|Win32
		{A4223930-75E0-47E1-8009-D35C92EAF101}.Debug|x86.Build.0 = Debug|Win32
		{A4223930-75E0-47E1-8009-D35C92EAF101}.Release|x64.ActiveCfg = Release|x64
		{A4223930-75E0-47E1-8009-D35C92EAF101}.Release|x64.Build.0 = Release|x64
		{A4223930-75E0-47E1-8009-D35C92EAF101}.Release|x86.ActiveCfg = Release|Win32
		{A4223930-75E0-47E1-8009-D35C92EAF101}.Release|x86.Build.0 = Release|Win32
		{3B702A9A-AF09-4FF8-BFC4-AE50518C4087}.Debug|x64.ActiveCfg = Debug|x64
		{3B702A9A-AF09-4FF8-BFC4-AE50518C4087}.Debug|x64.Build.0 = Debug|x64
		{3B702A9A-AF09-4FF8-BFC4-AE50518C4087}.Debug|x86.ActiveCfg = Debug|Win32
		{3B702A9A-AF09-4FF8-BFC4-AE50518C4087}.Debug|x86.Build.0 = Debug|Win32
		{3B702A9A-AF09-4FF8-BFC4-AE50518C4087}.Release|x64.ActiveCfg = Release|x64
		{3B702A9A-AF09-4FF8-BFC4-AE50518C4087}.Release|x64.Build.0 = Release|x64
		{3B702A9A-AF09-4FF8-BFC4-AE50518C4087}.Release|x86.ActiveCfg = Release|Win32
		{3B702A9A-AF09-4FF8-BFC4-AE50518C4087}.Release|x86.Build.0 = Release|Win32
		{233A8E5B-73B2-457F-8AFE-E9E36F9E6AF5}.Debug|x64.ActiveCfg = Debug|x64
		{233A8E5B-73B2-457F-8AFE-E9E36F9E6AF5}.Debug|x64.Build.0 = Debug|x64
		{233A8E5B-73B2-457F-8AFE-E9E36F9E6AF5}.Debug|x86.ActiveCfg = Debug|Win32
		{233A8E5B-73B2-457F-8AFE-E9E36F9E6AF5}.Debug|x86.Build.0 = Debug|Win32
		{233A8E5B-73B2-457F-8AFE-E9E36F9E6AF5}.Release|x64.ActiveCfg = Release|x64
		{233A8E5B-73B2-457F-8AFE-E9E36F9E6AF5}.Release|x64.Build.0 = Release|x64
		{233A8E5B-73B2-457F-8AFE-E9E36F9E6AF5}.Release|x86.ActiveCfg = Release|Win32
		{233A8E5B-73B2-457F-8AFE-E9E36F9E6AF5}.Release|x86.Build.0 = Release|Win32
	EndGlobalSection
	GlobalSection(SolutionProperties) = preSolution
		HideSolutionNode = FALSE
	EndGlobalSection
	GlobalSection(ExtensibilityGlobals) = postSolution
		SolutionGuid = {51A49BF2-6EAC-4FF9-AF7C-9073B360748A}
	EndGlobalSection
EndGlobal
